
Microsoft Visual Studio Solution File, Format Version 12.00
# Visual Studio 15
VisualStudioVersion = 15.0.27004.2006
MinimumVisualStudioVersion = 10.0.40219.1
Project("{9A19103F-16F7-4668-BE54-9A1E7A4F7556}") = "AglCodingTestNew", "AglCodingTestNew\AglCodingTestNew.csproj", "{56481971-5C93-4716-A3CE-CE097002FA7E}"
EndProject
Project("{9A19103F-16F7-4668-BE54-9A1E7A4F7556}") = "AglCodingTestNew.Test", "AglCodingTestNew.Test\AglCodingTestNew.Test.csproj", "{066ADACC-C203-4155-AAEA-5D2A42046F2F}"
EndProject
Project("{FAE04EC0-301F-11D3-BF4B-00C04F79EFBC}") = "AglCodingTest.Core", "AglCodingTest.Core\AglCodingTest.Core.csproj", "{A637935A-FF3D-4FA1-B60A-406C1760F15E}"
EndProject
Global
	GlobalSection(SolutionConfigurationPlatforms) = preSolution
		Debug|Any CPU = Debug|Any CPU
		Release|Any CPU = Release|Any CPU
	EndGlobalSection
	GlobalSection(ProjectConfigurationPlatforms) = postSolution
		{56481971-5C93-4716-A3CE-CE097002FA7E}.Debug|Any CPU.ActiveCfg = Debug|Any CPU
		{56481971-5C93-4716-A3CE-CE097002FA7E}.Debug|Any CPU.Build.0 = Debug|Any CPU
		{56481971-5C93-4716-A3CE-CE097002FA7E}.Release|Any CPU.ActiveCfg = Release|Any CPU
		{56481971-5C93-4716-A3CE-CE097002FA7E}.Release|Any CPU.Build.0 = Release|Any CPU
		{066ADACC-C203-4155-AAEA-5D2A42046F2F}.Debug|Any CPU.ActiveCfg = Debug|Any CPU
		{066ADACC-C203-4155-AAEA-5D2A42046F2F}.Debug|Any CPU.Build.0 = Debug|Any CPU
		{066ADACC-C203-4155-AAEA-5D2A42046F2F}.Release|Any CPU.ActiveCfg = Release|Any CPU
		{066ADACC-C203-4155-AAEA-5D2A42046F2F}.Release|Any CPU.Build.0 = Release|Any CPU
		{A637935A-FF3D-4FA1-B60A-406C1760F15E}.Debug|Any CPU.ActiveCfg = Debug|Any CPU
		{A637935A-FF3D-4FA1-B60A-406C1760F15E}.Debug|Any CPU.Build.0 = Debug|Any CPU
		{A637935A-FF3D-4FA1-B60A-406C1760F15E}.Release|Any CPU.ActiveCfg = Release|Any CPU
		{A637935A-FF3D-4FA1-B60A-406C1760F15E}.Release|Any CPU.Build.0 = Release|Any CPU
	EndGlobalSection
	GlobalSection(SolutionProperties) = preSolution
		HideSolutionNode = FALSE
	EndGlobalSection
	GlobalSection(ExtensibilityGlobals) = postSolution
		SolutionGuid = {A96F558C-2145-4288-9ED0-6E7698C7A335}
	EndGlobalSection
EndGlobal
